
Microsoft Visual Studio Solution File, Format Version 12.00
# Visual Studio Version 17
VisualStudioVersion = 17.10.35027.167
MinimumVisualStudioVersion = 10.0.40219.1
Project("{FAE04EC0-301F-11D3-BF4B-00C04F79EFBC}") = "Swap", "Swap.csproj", "{18522593-F5D4-4B15-9A58-4AB4D918844D}"
EndProject
Global
	GlobalSection(SolutionConfigurationPlatforms) = preSolution
		Debug|Any CPU = Debug|Any CPU
		Release|Any CPU = Release|Any CPU
	EndGlobalSection
	GlobalSection(ProjectConfigurationPlatforms) = postSolution
		{18522593-F5D4-4B15-9A58-4AB4D918844D}.Debug|Any CPU.ActiveCfg = Debug|Any CPU
		{18522593-F5D4-4B15-9A58-4AB4D918844D}.Debug|Any CPU.Build.0 = Debug|Any CPU
		{18522593-F5D4-4B15-9A58-4AB4D918844D}.Release|Any CPU.ActiveCfg = Release|Any CPU
		{18522593-F5D4-4B15-9A58-4AB4D918844D}.Release|Any CPU.Build.0 = Release|Any CPU
	EndGlobalSection
	GlobalSection(SolutionProperties) = preSolution
		HideSolutionNode = FALSE
	EndGlobalSection
	GlobalSection(ExtensibilityGlobals) = postSolution
		SolutionGuid = {C6667EF6-7384-4549-B1AE-F6BAF1CCB3F0}
	EndGlobalSection
EndGlobal
