
Microsoft Visual Studio Solution File, Format Version 12.00
# Visual Studio Version 17
VisualStudioVersion = 17.10.35027.167
MinimumVisualStudioVersion = 10.0.40219.1
Project("{FAE04EC0-301F-11D3-BF4B-00C04F79EFBC}") = "DelegateNEvent", "DelegateNEvent.csproj", "{7761C3DE-2299-4CC5-8F3B-6363D091792F}"
EndProject
Global
	GlobalSection(SolutionConfigurationPlatforms) = preSolution
		Debug|Any CPU = Debug|Any CPU
		Release|Any CPU = Release|Any CPU
	EndGlobalSection
	GlobalSection(ProjectConfigurationPlatforms) = postSolution
		{7761C3DE-2299-4CC5-8F3B-6363D091792F}.Debug|Any CPU.ActiveCfg = Debug|Any CPU
		{7761C3DE-2299-4CC5-8F3B-6363D091792F}.Debug|Any CPU.Build.0 = Debug|Any CPU
		{7761C3DE-2299-4CC5-8F3B-6363D091792F}.Release|Any CPU.ActiveCfg = Release|Any CPU
		{7761C3DE-2299-4CC5-8F3B-6363D091792F}.Release|Any CPU.Build.0 = Release|Any CPU
	EndGlobalSection
	GlobalSection(SolutionProperties) = preSolution
		HideSolutionNode = FALSE
	EndGlobalSection
	GlobalSection(ExtensibilityGlobals) = postSolution
		SolutionGuid = {53BA0F5A-B7A9-422F-81CB-AD85A2F3CDED}
	EndGlobalSection
EndGlobal
